
Microsoft Visual Studio Solution File, Format Version 12.00
Project("{FAE04EC0-301F-11D3-BF4B-00C04F79EFBC}") = "SolidBios2.Console", "SolidBios2.Console\SolidBios2.Console.csproj", "{B730D02F-BB06-412F-BDE2-D918B3F140D3}"
EndProject
Project("{FAE04EC0-301F-11D3-BF4B-00C04F79EFBC}") = "SolidBios2.Ui", "SolidBios2.Ui\SolidBios2.Ui.csproj", "{B77A0F2F-439D-4EC9-9444-4A04702EA5B2}"
EndProject
Project("{FAE04EC0-301F-11D3-BF4B-00C04F79EFBC}") = "BiosData", "BiosData\BiosData.csproj", "{11CA8127-3614-4607-A08F-6D7F90C1CB79}"
EndProject
Project("{FAE04EC0-301F-11D3-BF4B-00C04F79EFBC}") = "Data", "Data\Data.csproj", "{575313DC-0A3E-4DAB-9C01-84C9EDB70789}"
EndProject
Global
	GlobalSection(SolutionConfigurationPlatforms) = preSolution
		Debug|Any CPU = Debug|Any CPU
		Release|Any CPU = Release|Any CPU
	EndGlobalSection
	GlobalSection(ProjectConfigurationPlatforms) = postSolution
		{B730D02F-BB06-412F-BDE2-D918B3F140D3}.Debug|Any CPU.ActiveCfg = Debug|Any CPU
		{B730D02F-BB06-412F-BDE2-D918B3F140D3}.Debug|Any CPU.Build.0 = Debug|Any CPU
		{B730D02F-BB06-412F-BDE2-D918B3F140D3}.Release|Any CPU.ActiveCfg = Release|Any CPU
		{B730D02F-BB06-412F-BDE2-D918B3F140D3}.Release|Any CPU.Build.0 = Release|Any CPU
		{B77A0F2F-439D-4EC9-9444-4A04702EA5B2}.Debug|Any CPU.ActiveCfg = Debug|Any CPU
		{B77A0F2F-439D-4EC9-9444-4A04702EA5B2}.Debug|Any CPU.Build.0 = Debug|Any CPU
		{B77A0F2F-439D-4EC9-9444-4A04702EA5B2}.Release|Any CPU.ActiveCfg = Release|Any CPU
		{B77A0F2F-439D-4EC9-9444-4A04702EA5B2}.Release|Any CPU.Build.0 = Release|Any CPU
		{11CA8127-3614-4607-A08F-6D7F90C1CB79}.Debug|Any CPU.ActiveCfg = Debug|Any CPU
		{11CA8127-3614-4607-A08F-6D7F90C1CB79}.Debug|Any CPU.Build.0 = Debug|Any CPU
		{11CA8127-3614-4607-A08F-6D7F90C1CB79}.Release|Any CPU.ActiveCfg = Release|Any CPU
		{11CA8127-3614-4607-A08F-6D7F90C1CB79}.Release|Any CPU.Build.0 = Release|Any CPU
		{575313DC-0A3E-4DAB-9C01-84C9EDB70789}.Debug|Any CPU.ActiveCfg = Debug|Any CPU
		{575313DC-0A3E-4DAB-9C01-84C9EDB70789}.Debug|Any CPU.Build.0 = Debug|Any CPU
		{575313DC-0A3E-4DAB-9C01-84C9EDB70789}.Release|Any CPU.ActiveCfg = Release|Any CPU
		{575313DC-0A3E-4DAB-9C01-84C9EDB70789}.Release|Any CPU.Build.0 = Release|Any CPU
	EndGlobalSection
EndGlobal
